
Microsoft Visual Studio Solution File, Format Version 12.00
# Visual Studio 15
VisualStudioVersion = 15.0.27130.2010
MinimumVisualStudioVersion = 10.0.40219.1
Project("{8BC9CEB8-8B4A-11D0-8D11-00A0C91BC942}") = "At_home", "At_home\At_home.vcxproj", "{CF6AFD95-DBC0-4F22-B256-12CE2A94BDCF}"
EndProject
Global
	GlobalSection(SolutionConfigurationPlatforms) = preSolution
		Debug|x64 = Debug|x64
		Debug|x86 = Debug|x86
		Release|x64 = Release|x64
		Release|x86 = Release|x86
	EndGlobalSection
	GlobalSection(ProjectConfigurationPlatforms) = postSolution
		{CF6AFD95-DBC0-4F22-B256-12CE2A94BDCF}.Debug|x64.ActiveCfg = Debug|x64
		{CF6AFD95-DBC0-4F22-B256-12CE2A94BDCF}.Debug|x64.Build.0 = Debug|x64
		{CF6AFD95-DBC0-4F22-B256-12CE2A94BDCF}.Debug|x86.ActiveCfg = Debug|Win32
		{CF6AFD95-DBC0-4F22-B256-12CE2A94BDCF}.Debug|x86.Build.0 = Debug|Win32
		{CF6AFD95-DBC0-4F22-B256-12CE2A94BDCF}.Release|x64.ActiveCfg = Release|x64
		{CF6AFD95-DBC0-4F22-B256-12CE2A94BDCF}.Release|x64.Build.0 = Release|x64
		{CF6AFD95-DBC0-4F22-B256-12CE2A94BDCF}.Release|x86.ActiveCfg = Release|Win32
		{CF6AFD95-DBC0-4F22-B256-12CE2A94BDCF}.Release|x86.Build.0 = Release|Win32
	EndGlobalSection
	GlobalSection(SolutionProperties) = preSolution
		HideSolutionNode = FALSE
	EndGlobalSection
	GlobalSection(ExtensibilityGlobals) = postSolution
		SolutionGuid = {3BA68CBF-807E-48F3-8610-36A95FA9D765}
	EndGlobalSection
EndGlobal
